// !$*UTF8*$!
{
	archiveVersion = 1;
	classes = {
	};
	objectVersion = 50;
	objects = {

/* Begin PBXBuildFile section */
		359BF3DC25D2ED8E00F453EB /* ViewControllerViewModel.swift in Sources */ = {isa = PBXBuildFile; fileRef = 359BF3DB25D2ED8E00F453EB /* ViewControllerViewModel.swift */; };
		35FCEC7E25CEBC08001485DE /* AppDelegate.swift in Sources */ = {isa = PBXBuildFile; fileRef = 35FCEC7D25CEBC08001485DE /* AppDelegate.swift */; };
		35FCEC8025CEBC08001485DE /* SceneDelegate.swift in Sources */ = {isa = PBXBuildFile; fileRef = 35FCEC7F25CEBC08001485DE /* SceneDelegate.swift */; };
		35FCEC8225CEBC08001485DE /* ViewController.swift in Sources */ = {isa = PBXBuildFile; fileRef = 35FCEC8125CEBC08001485DE /* ViewController.swift */; };
		35FCEC8525CEBC08001485DE /* Main.storyboard in Resources */ = {isa = PBXBuildFile; fileRef = 35FCEC8325CEBC08001485DE /* Main.storyboard */; };
		35FCEC8725CEBC08001485DE /* Assets.xcassets in Resources */ = {isa = PBXBuildFile; fileRef = 35FCEC8625CEBC08001485DE /* Assets.xcassets */; };
		35FCEC8A25CEBC08001485DE /* LaunchScreen.storyboard in Resources */ = {isa = PBXBuildFile; fileRef = 35FCEC8825CEBC08001485DE /* LaunchScreen.storyboard */; };
/* End PBXBuildFile section */

/* Begin PBXFileReference section */
		359BF3DB25D2ED8E00F453EB /* ViewControllerViewModel.swift */ = {isa = PBXFileReference; lastKnownFileType = sourcecode.swift; path = ViewControllerViewModel.swift; sourceTree = "<group>"; };
		35FCEC7A25CEBC08001485DE /* App1.app */ = {isa = PBXFileReference; explicitFileType = wrapper.application; includeInIndex = 0; path = App1.app; sourceTree = BUILT_PRODUCTS_DIR; };
		35FCEC7D25CEBC08001485DE /* AppDelegate.swift */ = {isa = PBXFileReference; lastKnownFileType = sourcecode.swift; path = AppDelegate.swift; sourceTree = "<group>"; };
		35FCEC7F25CEBC08001485DE /* SceneDelegate.swift */ = {isa = PBXFileReference; lastKnownFileType = sourcecode.swift; path = SceneDelegate.swift; sourceTree = "<group>"; };
		35FCEC8125CEBC08001485DE /* ViewController.swift */ = {isa = PBXFileReference; lastKnownFileType = sourcecode.swift; path = ViewController.swift; sourceTree = "<group>"; };
		35FCEC8425CEBC08001485DE /* Base */ = {isa = PBXFileReference; lastKnownFileType = file.storyboard; name = Base; path = Base.lproj/Main.storyboard; sourceTree = "<group>"; };
		35FCEC8625CEBC08001485DE /* Assets.xcassets */ = {isa = PBXFileReference; lastKnownFileType = folder.assetcatalog; path = Assets.xcassets; sourceTree = "<group>"; };
		35FCEC8925CEBC08001485DE /* Base */ = {isa = PBXFileReference; lastKnownFileType = file.storyboard; name = Base; path = Base.lproj/LaunchScreen.storyboard; sourceTree = "<group>"; };
		35FCEC8B25CEBC08001485DE /* Info.plist */ = {isa = PBXFileReference; lastKnownFileType = text.plist.xml; path = Info.plist; sourceTree = "<group>"; };
/* End PBXFileReference section */

/* Begin PBXFrameworksBuildPhase section */
		35FCEC7725CEBC08001485DE /* Frameworks */ = {
			isa = PBXFrameworksBuildPhase;
			buildActionMask = 2147483647;
			files = (
			);
			runOnlyForDeploymentPostprocessing = 0;
		};
/* End PBXFrameworksBuildPhase section */

/* Begin PBXGroup section */
		359BF3DA25D2ED7900F453EB /* ViewModel */ = {
			isa = PBXGroup;
			children = (
				359BF3DB25D2ED8E00F453EB /* ViewControllerViewModel.swift */,
			);
			path = ViewModel;
			sourceTree = "<group>";
		};
		359BF3DF25D2F07900F453EB /* View+Controller */ = {
			isa = PBXGroup;
			children = (
				35FCEC8125CEBC08001485DE /* ViewController.swift */,
				35FCEC8325CEBC08001485DE /* Main.storyboard */,
				35FCEC8825CEBC08001485DE /* LaunchScreen.storyboard */,
			);
			path = "View+Controller";
			sourceTree = "<group>";
		};
		35FCEC7125CEBC08001485DE = {
			isa = PBXGroup;
			children = (
				35FCEC7C25CEBC08001485DE /* App1 */,
				35FCEC7B25CEBC08001485DE /* Products */,
			);
			sourceTree = "<group>";
		};
		35FCEC7B25CEBC08001485DE /* Products */ = {
			isa = PBXGroup;
			children = (
				35FCEC7A25CEBC08001485DE /* App1.app */,
			);
			name = Products;
			sourceTree = "<group>";
		};
		35FCEC7C25CEBC08001485DE /* App1 */ = {
			isa = PBXGroup;
			children = (
				359BF3DF25D2F07900F453EB /* View+Controller */,
				359BF3DA25D2ED7900F453EB /* ViewModel */,
				35FCEC7D25CEBC08001485DE /* AppDelegate.swift */,
				35FCEC7F25CEBC08001485DE /* SceneDelegate.swift */,
				35FCEC8625CEBC08001485DE /* Assets.xcassets */,
				35FCEC8B25CEBC08001485DE /* Info.plist */,
			);
			path = App1;
			sourceTree = "<group>";
		};
/* End PBXGroup section */

/* Begin PBXNativeTarget section */
		35FCEC7925CEBC08001485DE /* App1 */ = {
			isa = PBXNativeTarget;
			buildConfigurationList = 35FCEC8E25CEBC08001485DE /* Build configuration list for PBXNativeTarget "App1" */;
			buildPhases = (
				35FCEC7625CEBC08001485DE /* Sources */,
				35FCEC7725CEBC08001485DE /* Frameworks */,
				35FCEC7825CEBC08001485DE /* Resources */,
			);
			buildRules = (
			);
			dependencies = (
			);
			name = App1;
			productName = App1;
			productReference = 35FCEC7A25CEBC08001485DE /* App1.app */;
			productType = "com.apple.product-type.application";
		};
/* End PBXNativeTarget section */

/* Begin PBXProject section */
		35FCEC7225CEBC08001485DE /* Project object */ = {
			isa = PBXProject;
			attributes = {
				LastSwiftUpdateCheck = 1240;
				LastUpgradeCheck = 1240;
				TargetAttributes = {
					35FCEC7925CEBC08001485DE = {
						CreatedOnToolsVersion = 12.4;
					};
				};
			};
			buildConfigurationList = 35FCEC7525CEBC08001485DE /* Build configuration list for PBXProject "App1" */;
			compatibilityVersion = "Xcode 9.3";
			developmentRegion = en;
			hasScannedForEncodings = 0;
			knownRegions = (
				en,
				Base,
			);
			mainGroup = 35FCEC7125CEBC08001485DE;
			productRefGroup = 35FCEC7B25CEBC08001485DE /* Products */;
			projectDirPath = "";
			projectRoot = "";
			targets = (
				35FCEC7925CEBC08001485DE /* App1 */,
			);
		};
/* End PBXProject section */

/* Begin PBXResourcesBuildPhase section */
		35FCEC7825CEBC08001485DE /* Resources */ = {
			isa = PBXResourcesBuildPhase;
			buildActionMask = 2147483647;
			files = (
				35FCEC8A25CEBC08001485DE /* LaunchScreen.storyboard in Resources */,
				35FCEC8725CEBC08001485DE /* Assets.xcassets in Resources */,
				35FCEC8525CEBC08001485DE /* Main.storyboard in Resources */,
			);
			runOnlyForDeploymentPostprocessing = 0;
		};
/* End PBXResourcesBuildPhase section */

/* Begin PBXSourcesBuildPhase section */
		35FCEC7625CEBC08001485DE /* Sources */ = {
			isa = PBXSourcesBuildPhase;
			buildActionMask = 2147483647;
			files = (
				35FCEC8225CEBC08001485DE /* ViewController.swift in Sources */,
				35FCEC7E25CEBC08001485DE /* AppDelegate.swift in Sources */,
				35FCEC8025CEBC08001485DE /* SceneDelegate.swift in Sources */,
				359BF3DC25D2ED8E00F453EB /* ViewControllerViewModel.swift in Sources */,
			);
			runOnlyForDeploymentPostprocessing = 0;
		};
/* End PBXSourcesBuildPhase section */

/* Begin PBXVariantGroup section */
		35FCEC8325CEBC08001485DE /* Main.storyboard */ = {
			isa = PBXVariantGroup;
			children = (
				35FCEC8425CEBC08001485DE /* Base */,
			);
			name = Main.storyboard;
			sourceTree = "<group>";
		};
		35FCEC8825CEBC08001485DE /* LaunchScreen.storyboard */ = {
			isa = PBXVariantGroup;
			children = (
				35FCEC8925CEBC08001485DE /* Base */,
			);
			name = LaunchScreen.storyboard;
			sourceTree = "<group>";
		};
/* End PBXVariantGroup section */

/* Begin XCBuildConfiguration section */
		35FCEC8C25CEBC08001485DE /* Debug */ = {
			isa = XCBuildConfiguration;
			buildSettings = {
				ALWAYS_SEARCH_USER_PATHS = NO;
				CLANG_ANALYZER_NONNULL = YES;
				CLANG_ANALYZER_NUMBER_OBJECT_CONVERSION = YES_AGGRESSIVE;
				CLANG_CXX_LANGUAGE_STANDARD = "gnu++14";
				CLANG_CXX_LIBRARY = "libc++";
				CLANG_ENABLE_MODULES = YES;
				CLANG_ENABLE_OBJC_ARC = YES;
				CLANG_ENABLE_OBJC_WEAK = YES;
				CLANG_WARN_BLOCK_CAPTURE_AUTORELEASING = YES;
				CLANG_WARN_BOOL_CONVERSION = YES;
				CLANG_WARN_COMMA = YES;
				CLANG_WARN_CONSTANT_CONVERSION = YES;
				CLANG_WARN_DEPRECATED_OBJC_IMPLEMENTATIONS = YES;
				CLANG_WARN_DIRECT_OBJC_ISA_USAGE = YES_ERROR;
				CLANG_WARN_DOCUMENTATION_COMMENTS = YES;
				CLANG_WARN_EMPTY_BODY = YES;
				CLANG_WARN_ENUM_CONVERSION = YES;
				CLANG_WARN_INFINITE_RECURSION = YES;
				CLANG_WARN_INT_CONVERSION = YES;
				CLANG_WARN_NON_LITERAL_NULL_CONVERSION = YES;
				CLANG_WARN_OBJC_IMPLICIT_RETAIN_SELF = YES;
				CLANG_WARN_OBJC_LITERAL_CONVERSION = YES;
				CLANG_WARN_OBJC_ROOT_CLASS = YES_ERROR;
				CLANG_WARN_QUOTED_INCLUDE_IN_FRAMEWORK_HEADER = YES;
				CLANG_WARN_RANGE_LOOP_ANALYSIS = YES;
				CLANG_WARN_STRICT_PROTOTYPES = YES;
				CLANG_WARN_SUSPICIOUS_MOVE = YES;
				CLANG_WARN_UNGUARDED_AVAILABILITY = YES_AGGRESSIVE;
				CLANG_WARN_UNREACHABLE_CODE = YES;
				CLANG_WARN__DUPLICATE_METHOD_MATCH = YES;
				COPY_PHASE_STRIP = NO;
				DEBUG_INFORMATION_FORMAT = dwarf;
				ENABLE_STRICT_OBJC_MSGSEND = YES;
				ENABLE_TESTABILITY = YES;
				GCC_C_LANGUAGE_STANDARD = gnu11;
				GCC_DYNAMIC_NO_PIC = NO;
				GCC_NO_COMMON_BLOCKS = YES;
				GCC_OPTIMIZATION_LEVEL = 0;
				GCC_PREPROCESSOR_DEFINITIONS = (
					"DEBUG=1",
					"$(inherited)",
				);
				GCC_WARN_64_TO_32_BIT_CONVERSION = YES;
				GCC_WARN_ABOUT_RETURN_TYPE = YES_ERROR;
				GCC_WARN_UNDECLARED_SELECTOR = YES;
				GCC_WARN_UNINITIALIZED_AUTOS = YES_AGGRESSIVE;
				GCC_WARN_UNUSED_FUNCTION = YES;
				GCC_WARN_UNUSED_VARIABLE = YES;
				IPHONEOS_DEPLOYMENT_TARGET = 13.0;
				MTL_ENABLE_DEBUG_INFO = INCLUDE_SOURCE;
				MTL_FAST_MATH = YES;
				ONLY_ACTIVE_ARCH = YES;
				SDKROOT = iphoneos;
				SWIFT_ACTIVE_COMPILATION_CONDITIONS = DEBUG;
				SWIFT_OPTIMIZATION_LEVEL = "-Onone";
			};
			name = Debug;
		};
		35FCEC8D25CEBC08001485DE /* Release */ = {
			isa = XCBuildConfiguration;
			buildSettings = {
				ALWAYS_SEARCH_USER_PATHS = NO;
				CLANG_ANALYZER_NONNULL = YES;
				CLANG_ANALYZER_NUMBER_OBJECT_CONVERSION = YES_AGGRESSIVE;
				CLANG_CXX_LANGUAGE_STANDARD = "gnu++14";
				CLANG_CXX_LIBRARY = "libc++";
				CLANG_ENABLE_MODULES = YES;
				CLANG_ENABLE_OBJC_ARC = YES;
				CLANG_ENABLE_OBJC_WEAK = YES;
				CLANG_WARN_BLOCK_CAPTURE_AUTORELEASING = YES;
				CLANG_WARN_BOOL_CONVERSION = YES;
				CLANG_WARN_COMMA = YES;
				CLANG_WARN_CONSTANT_CONVERSION = YES;
				CLANG_WARN_DEPRECATED_OBJC_IMPLEMENTATIONS = YES;
				CLANG_WARN_DIRECT_OBJC_ISA_USAGE = YES_ERROR;
				CLANG_WARN_DOCUMENTATION_COMMENTS = YES;
				CLANG_WARN_EMPTY_BODY = YES;
				CLANG_WARN_ENUM_CONVERSION = YES;
				CLANG_WARN_INFINITE_RECURSION = YES;
				CLANG_WARN_INT_CONVERSION = YES;
				CLANG_WARN_NON_LITERAL_NULL_CONVERSION = YES;
				CLANG_WARN_OBJC_IMPLICIT_RETAIN_SELF = YES;
				CLANG_WARN_OBJC_LITERAL_CONVERSION = YES;
				CLANG_WARN_OBJC_ROOT_CLASS = YES_ERROR;
				CLANG_WARN_QUOTED_INCLUDE_IN_FRAMEWORK_HEADER = YES;
				CLANG_WARN_RANGE_LOOP_ANALYSIS = YES;
				CLANG_WARN_STRICT_PROTOTYPES = YES;
				CLANG_WARN_SUSPICIOUS_MOVE = YES;
				CLANG_WARN_UNGUARDED_AVAILABILITY = YES_AGGRESSIVE;
				CLANG_WARN_UNREACHABLE_CODE = YES;
				CLANG_WARN__DUPLICATE_METHOD_MATCH = YES;
				COPY_PHASE_STRIP = NO;
				DEBUG_INFORMATION_FORMAT = "dwarf-with-dsym";
				ENABLE_NS_ASSERTIONS = NO;
				ENABLE_STRICT_OBJC_MSGSEND = YES;
				GCC_C_LANGUAGE_STANDARD = gnu11;
				GCC_NO_COMMON_BLOCKS = YES;
				GCC_WARN_64_TO_32_BIT_CONVERSION = YES;
				GCC_WARN_ABOUT_RETURN_TYPE = YES_ERROR;
				GCC_WARN_UNDECLARED_SELECTOR = YES;
				GCC_WARN_UNINITIALIZED_AUTOS = YES_AGGRESSIVE;
				GCC_WARN_UNUSED_FUNCTION = YES;
				GCC_WARN_UNUSED_VARIABLE = YES;
				IPHONEOS_DEPLOYMENT_TARGET = 13.0;
				MTL_ENABLE_DEBUG_INFO = NO;
				MTL_FAST_MATH = YES;
				SDKROOT = iphoneos;
				SWIFT_COMPILATION_MODE = wholemodule;
				SWIFT_OPTIMIZATION_LEVEL = "-O";
				VALIDATE_PRODUCT = YES;
			};
			name = Release;
		};
		35FCEC8F25CEBC08001485DE /* Debug */ = {
			isa = XCBuildConfiguration;
			buildSettings = {
				ASSETCATALOG_COMPILER_APPICON_NAME = AppIcon;
				ASSETCATALOG_COMPILER_GLOBAL_ACCENT_COLOR_NAME = AccentColor;
				CODE_SIGN_STYLE = Automatic;
				INFOPLIST_FILE = App1/Info.plist;
				IPHONEOS_DEPLOYMENT_TARGET = 13.0;
				LD_RUNPATH_SEARCH_PATHS = (
					"$(inherited)",
					"@executable_path/Frameworks",
				);
				PRODUCT_BUNDLE_IDENTIFIER = gencaysahinn.App1;
				PRODUCT_NAME = "$(TARGET_NAME)";
				SWIFT_VERSION = 5.0;
				TARGETED_DEVICE_FAMILY = "1,2";
			};
			name = Debug;
		};
		35FCEC9025CEBC08001485DE /* Release */ = {
			isa = XCBuildConfiguration;
			buildSettings = {
				ASSETCATALOG_COMPILER_APPICON_NAME = AppIcon;
				ASSETCATALOG_COMPILER_GLOBAL_ACCENT_COLOR_NAME = AccentColor;
				CODE_SIGN_STYLE = Automatic;
				INFOPLIST_FILE = App1/Info.plist;
				IPHONEOS_DEPLOYMENT_TARGET = 13.0;
				LD_RUNPATH_SEARCH_PATHS = (
					"$(inherited)",
					"@executable_path/Frameworks",
				);
				PRODUCT_BUNDLE_IDENTIFIER = gencaysahinn.App1;
				PRODUCT_NAME = "$(TARGET_NAME)";
				SWIFT_VERSION = 5.0;
				TARGETED_DEVICE_FAMILY = "1,2";
			};
			name = Release;
		};
/* End XCBuildConfiguration section */

/* Begin XCConfigurationList section */
		35FCEC7525CEBC08001485DE /* Build configuration list for PBXProject "App1" */ = {
			isa = XCConfigurationList;
			buildConfigurations = (
				35FCEC8C25CEBC08001485DE /* Debug */,
				35FCEC8D25CEBC08001485DE /* Release */,
			);
			defaultConfigurationIsVisible = 0;
			defaultConfigurationName = Release;
		};
		35FCEC8E25CEBC08001485DE /* Build configuration list for PBXNativeTarget "App1" */ = {
			isa = XCConfigurationList;
			buildConfigurations = (
				35FCEC8F25CEBC08001485DE /* Debug */,
				35FCEC9025CEBC08001485DE /* Release */,
			);
			defaultConfigurationIsVisible = 0;
			defaultConfigurationName = Release;
		};
/* End XCConfigurationList section */
	};
	rootObject = 35FCEC7225CEBC08001485DE /* Project object */;
}
